
Microsoft Visual Studio Solution File, Format Version 12.00
# Visual Studio 15
VisualStudioVersion = 15.0.26430.16
MinimumVisualStudioVersion = 10.0.40219.1
Project("{FAE04EC0-301F-11D3-BF4B-00C04F79EFBC}") = "Higher_Institution", "Higher_Institution\Higher_Institution.csproj", "{E7A95E36-D510-445C-B8EF-0734E5664241}"
EndProject
Global
	GlobalSection(SolutionConfigurationPlatforms) = preSolution
		Debug|Any CPU = Debug|Any CPU
		Release|Any CPU = Release|Any CPU
	EndGlobalSection
	GlobalSection(ProjectConfigurationPlatforms) = postSolution
		{E7A95E36-D510-445C-B8EF-0734E5664241}.Debug|Any CPU.ActiveCfg = Debug|Any CPU
		{E7A95E36-D510-445C-B8EF-0734E5664241}.Debug|Any CPU.Build.0 = Debug|Any CPU
		{E7A95E36-D510-445C-B8EF-0734E5664241}.Release|Any CPU.ActiveCfg = Release|Any CPU
		{E7A95E36-D510-445C-B8EF-0734E5664241}.Release|Any CPU.Build.0 = Release|Any CPU
	EndGlobalSection
	GlobalSection(SolutionProperties) = preSolution
		HideSolutionNode = FALSE
	EndGlobalSection
EndGlobal
